// !$*UTF8*$!
{
	archiveVersion = 1;
	classes = {
	};
	objectVersion = 51;
	objects = {

/* Begin PBXBuildFile section */
		7F1BAF32B52736E751F3EBA2 /* Pods_TaskIt.framework in Frameworks */ = {isa = PBXBuildFile; fileRef = CBAD77176F99A3F09FDAE976 /* Pods_TaskIt.framework */; };
		DC6C307B23951C84006DFA9A /* AppDelegate.swift in Sources */ = {isa = PBXBuildFile; fileRef = DC6C307A23951C84006DFA9A /* AppDelegate.swift */; };
		DC6C307D23951C84006DFA9A /* SceneDelegate.swift in Sources */ = {isa = PBXBuildFile; fileRef = DC6C307C23951C84006DFA9A /* SceneDelegate.swift */; };
		DC6C307F23951C84006DFA9A /* TaskTimeViewController.swift in Sources */ = {isa = PBXBuildFile; fileRef = DC6C307E23951C84006DFA9A /* TaskTimeViewController.swift */; };
		DC6C308223951C84006DFA9A /* Main.storyboard in Resources */ = {isa = PBXBuildFile; fileRef = DC6C308023951C84006DFA9A /* Main.storyboard */; };
		DC6C308423951C8A006DFA9A /* Assets.xcassets in Resources */ = {isa = PBXBuildFile; fileRef = DC6C308323951C8A006DFA9A /* Assets.xcassets */; };
		DC6C308723951C8A006DFA9A /* LaunchScreen.storyboard in Resources */ = {isa = PBXBuildFile; fileRef = DC6C308523951C8A006DFA9A /* LaunchScreen.storyboard */; };
		DC6C308F239529C2006DFA9A /* TaskListItem.swift in Sources */ = {isa = PBXBuildFile; fileRef = DC6C308E239529C2006DFA9A /* TaskListItem.swift */; };
		DC6C309423954501006DFA9A /* TaskList.swift in Sources */ = {isa = PBXBuildFile; fileRef = DC6C309323954501006DFA9A /* TaskList.swift */; };
		DC88FF9523A7CE52007324A2 /* TaskListViewControllerCell.swift in Sources */ = {isa = PBXBuildFile; fileRef = DC88FF9423A7CE52007324A2 /* TaskListViewControllerCell.swift */; };
		DCA58AF12395A2C00034D613 /* NewItemTableViewController.swift in Sources */ = {isa = PBXBuildFile; fileRef = DCA58AF02395A2C00034D613 /* NewItemTableViewController.swift */; };
/* End PBXBuildFile section */

/* Begin PBXFileReference section */
		86628EED0B71AF9941A8BD9A /* Pods-TaskIt.release.xcconfig */ = {isa = PBXFileReference; includeInIndex = 1; lastKnownFileType = text.xcconfig; name = "Pods-TaskIt.release.xcconfig"; path = "Target Support Files/Pods-TaskIt/Pods-TaskIt.release.xcconfig"; sourceTree = "<group>"; };
		CBAD77176F99A3F09FDAE976 /* Pods_TaskIt.framework */ = {isa = PBXFileReference; explicitFileType = wrapper.framework; includeInIndex = 0; path = Pods_TaskIt.framework; sourceTree = BUILT_PRODUCTS_DIR; };
		DC6C307723951C84006DFA9A /* TaskIt.app */ = {isa = PBXFileReference; explicitFileType = wrapper.application; includeInIndex = 0; path = TaskIt.app; sourceTree = BUILT_PRODUCTS_DIR; };
		DC6C307A23951C84006DFA9A /* AppDelegate.swift */ = {isa = PBXFileReference; lastKnownFileType = sourcecode.swift; path = AppDelegate.swift; sourceTree = "<group>"; };
		DC6C307C23951C84006DFA9A /* SceneDelegate.swift */ = {isa = PBXFileReference; lastKnownFileType = sourcecode.swift; path = SceneDelegate.swift; sourceTree = "<group>"; };
		DC6C307E23951C84006DFA9A /* TaskTimeViewController.swift */ = {isa = PBXFileReference; lastKnownFileType = sourcecode.swift; path = TaskTimeViewController.swift; sourceTree = "<group>"; };
		DC6C308123951C84006DFA9A /* Base */ = {isa = PBXFileReference; lastKnownFileType = file.storyboard; name = Base; path = Base.lproj/Main.storyboard; sourceTree = "<group>"; };
		DC6C308323951C8A006DFA9A /* Assets.xcassets */ = {isa = PBXFileReference; lastKnownFileType = folder.assetcatalog; path = Assets.xcassets; sourceTree = "<group>"; };
		DC6C308623951C8A006DFA9A /* Base */ = {isa = PBXFileReference; lastKnownFileType = file.storyboard; name = Base; path = Base.lproj/LaunchScreen.storyboard; sourceTree = "<group>"; };
		DC6C308823951C8A006DFA9A /* Info.plist */ = {isa = PBXFileReference; lastKnownFileType = text.plist.xml; path = Info.plist; sourceTree = "<group>"; };
		DC6C308E239529C2006DFA9A /* TaskListItem.swift */ = {isa = PBXFileReference; lastKnownFileType = sourcecode.swift; path = TaskListItem.swift; sourceTree = "<group>"; };
		DC6C309323954501006DFA9A /* TaskList.swift */ = {isa = PBXFileReference; lastKnownFileType = sourcecode.swift; path = TaskList.swift; sourceTree = "<group>"; };
		DC88FF9423A7CE52007324A2 /* TaskListViewControllerCell.swift */ = {isa = PBXFileReference; lastKnownFileType = sourcecode.swift; path = TaskListViewControllerCell.swift; sourceTree = "<group>"; };
		DCA58AF02395A2C00034D613 /* NewItemTableViewController.swift */ = {isa = PBXFileReference; lastKnownFileType = sourcecode.swift; path = NewItemTableViewController.swift; sourceTree = "<group>"; };
		EF9E86C0555EEA6AF2A2F3CE /* Pods-TaskIt.debug.xcconfig */ = {isa = PBXFileReference; includeInIndex = 1; lastKnownFileType = text.xcconfig; name = "Pods-TaskIt.debug.xcconfig"; path = "Target Support Files/Pods-TaskIt/Pods-TaskIt.debug.xcconfig"; sourceTree = "<group>"; };
/* End PBXFileReference section */

/* Begin PBXFrameworksBuildPhase section */
		DC6C307423951C84006DFA9A /* Frameworks */ = {
			isa = PBXFrameworksBuildPhase;
			buildActionMask = 2147483647;
			files = (
				7F1BAF32B52736E751F3EBA2 /* Pods_TaskIt.framework in Frameworks */,
			);
			runOnlyForDeploymentPostprocessing = 0;
		};
/* End PBXFrameworksBuildPhase section */

/* Begin PBXGroup section */
		3C299198BF834A50A21091B3 /* Pods */ = {
			isa = PBXGroup;
			children = (
				EF9E86C0555EEA6AF2A2F3CE /* Pods-TaskIt.debug.xcconfig */,
				86628EED0B71AF9941A8BD9A /* Pods-TaskIt.release.xcconfig */,
			);
			path = Pods;
			sourceTree = "<group>";
		};
		B31B1EBEC76D9930C7B7DA22 /* Frameworks */ = {
			isa = PBXGroup;
			children = (
				CBAD77176F99A3F09FDAE976 /* Pods_TaskIt.framework */,
			);
			name = Frameworks;
			sourceTree = "<group>";
		};
		DC6C306E23951C84006DFA9A = {
			isa = PBXGroup;
			children = (
				DC6C307923951C84006DFA9A /* TaskIt */,
				DC6C307823951C84006DFA9A /* Products */,
				3C299198BF834A50A21091B3 /* Pods */,
				B31B1EBEC76D9930C7B7DA22 /* Frameworks */,
			);
			sourceTree = "<group>";
		};
		DC6C307823951C84006DFA9A /* Products */ = {
			isa = PBXGroup;
			children = (
				DC6C307723951C84006DFA9A /* TaskIt.app */,
			);
			name = Products;
			sourceTree = "<group>";
		};
		DC6C307923951C84006DFA9A /* TaskIt */ = {
			isa = PBXGroup;
			children = (
				DC6C307A23951C84006DFA9A /* AppDelegate.swift */,
				DC6C307C23951C84006DFA9A /* SceneDelegate.swift */,
				DC6C309523954624006DFA9A /* Controller */,
				DC6C30962395462F006DFA9A /* View */,
				DC6C308323951C8A006DFA9A /* Assets.xcassets */,
				DC6C308523951C8A006DFA9A /* LaunchScreen.storyboard */,
				DC6C308823951C8A006DFA9A /* Info.plist */,
				DC6C3092239544DC006DFA9A /* Model */,
			);
			path = TaskIt;
			sourceTree = "<group>";
		};
		DC6C3092239544DC006DFA9A /* Model */ = {
			isa = PBXGroup;
			children = (
				DC6C308E239529C2006DFA9A /* TaskListItem.swift */,
				DC6C309323954501006DFA9A /* TaskList.swift */,
			);
			path = Model;
			sourceTree = "<group>";
		};
		DC6C309523954624006DFA9A /* Controller */ = {
			isa = PBXGroup;
			children = (
				DC88FF9423A7CE52007324A2 /* TaskListViewControllerCell.swift */,
				DC6C307E23951C84006DFA9A /* TaskTimeViewController.swift */,
				DCA58AF02395A2C00034D613 /* NewItemTableViewController.swift */,
			);
			path = Controller;
			sourceTree = "<group>";
		};
		DC6C30962395462F006DFA9A /* View */ = {
			isa = PBXGroup;
			children = (
				DC6C308023951C84006DFA9A /* Main.storyboard */,
			);
			path = View;
			sourceTree = "<group>";
		};
/* End PBXGroup section */

/* Begin PBXNativeTarget section */
		DC6C307623951C84006DFA9A /* TaskIt */ = {
			isa = PBXNativeTarget;
			buildConfigurationList = DC6C308B23951C8A006DFA9A /* Build configuration list for PBXNativeTarget "TaskIt" */;
			buildPhases = (
				746DE1BEF99E3AB8535A88CD /* [CP] Check Pods Manifest.lock */,
				DC6C307323951C84006DFA9A /* Sources */,
				DC6C307423951C84006DFA9A /* Frameworks */,
				DC6C307523951C84006DFA9A /* Resources */,
				0673769D332522B97A3DE11D /* [CP] Embed Pods Frameworks */,
			);
			buildRules = (
			);
			dependencies = (
			);
			name = TaskIt;
			productName = TaskIt;
			productReference = DC6C307723951C84006DFA9A /* TaskIt.app */;
			productType = "com.apple.product-type.application";
		};
/* End PBXNativeTarget section */

/* Begin PBXProject section */
		DC6C306F23951C84006DFA9A /* Project object */ = {
			isa = PBXProject;
			attributes = {
				LastSwiftUpdateCheck = 1120;
				LastUpgradeCheck = 1120;
				ORGANIZATIONNAME = "Wesley House";
				TargetAttributes = {
					DC6C307623951C84006DFA9A = {
						CreatedOnToolsVersion = 11.2;
					};
				};
			};
			buildConfigurationList = DC6C307223951C84006DFA9A /* Build configuration list for PBXProject "TaskIt" */;
			compatibilityVersion = "Xcode 9.3";
			developmentRegion = en;
			hasScannedForEncodings = 0;
			knownRegions = (
				en,
				Base,
			);
			mainGroup = DC6C306E23951C84006DFA9A;
			productRefGroup = DC6C307823951C84006DFA9A /* Products */;
			projectDirPath = "";
			projectRoot = "";
			targets = (
				DC6C307623951C84006DFA9A /* TaskIt */,
			);
		};
/* End PBXProject section */

/* Begin PBXResourcesBuildPhase section */
		DC6C307523951C84006DFA9A /* Resources */ = {
			isa = PBXResourcesBuildPhase;
			buildActionMask = 2147483647;
			files = (
				DC6C308723951C8A006DFA9A /* LaunchScreen.storyboard in Resources */,
				DC6C308423951C8A006DFA9A /* Assets.xcassets in Resources */,
				DC6C308223951C84006DFA9A /* Main.storyboard in Resources */,
			);
			runOnlyForDeploymentPostprocessing = 0;
		};
/* End PBXResourcesBuildPhase section */

/* Begin PBXShellScriptBuildPhase section */
		0673769D332522B97A3DE11D /* [CP] Embed Pods Frameworks */ = {
			isa = PBXShellScriptBuildPhase;
			buildActionMask = 2147483647;
			files = (
			);
			inputFileListPaths = (
				"${PODS_ROOT}/Target Support Files/Pods-TaskIt/Pods-TaskIt-frameworks-${CONFIGURATION}-input-files.xcfilelist",
			);
			name = "[CP] Embed Pods Frameworks";
			outputFileListPaths = (
				"${PODS_ROOT}/Target Support Files/Pods-TaskIt/Pods-TaskIt-frameworks-${CONFIGURATION}-output-files.xcfilelist",
			);
			runOnlyForDeploymentPostprocessing = 0;
			shellPath = /bin/sh;
			shellScript = "\"${PODS_ROOT}/Target Support Files/Pods-TaskIt/Pods-TaskIt-frameworks.sh\"\n";
			showEnvVarsInLog = 0;
		};
		746DE1BEF99E3AB8535A88CD /* [CP] Check Pods Manifest.lock */ = {
			isa = PBXShellScriptBuildPhase;
			buildActionMask = 2147483647;
			files = (
			);
			inputFileListPaths = (
			);
			inputPaths = (
				"${PODS_PODFILE_DIR_PATH}/Podfile.lock",
				"${PODS_ROOT}/Manifest.lock",
			);
			name = "[CP] Check Pods Manifest.lock";
			outputFileListPaths = (
			);
			outputPaths = (
				"$(DERIVED_FILE_DIR)/Pods-TaskIt-checkManifestLockResult.txt",
			);
			runOnlyForDeploymentPostprocessing = 0;
			shellPath = /bin/sh;
			shellScript = "diff \"${PODS_PODFILE_DIR_PATH}/Podfile.lock\" \"${PODS_ROOT}/Manifest.lock\" > /dev/null\nif [ $? != 0 ] ; then\n    # print error to STDERR\n    echo \"error: The sandbox is not in sync with the Podfile.lock. Run 'pod install' or update your CocoaPods installation.\" >&2\n    exit 1\nfi\n# This output is used by Xcode 'outputs' to avoid re-running this script phase.\necho \"SUCCESS\" > \"${SCRIPT_OUTPUT_FILE_0}\"\n";
			showEnvVarsInLog = 0;
		};
/* End PBXShellScriptBuildPhase section */

/* Begin PBXSourcesBuildPhase section */
		DC6C307323951C84006DFA9A /* Sources */ = {
			isa = PBXSourcesBuildPhase;
			buildActionMask = 2147483647;
			files = (
				DC88FF9523A7CE52007324A2 /* TaskListViewControllerCell.swift in Sources */,
				DCA58AF12395A2C00034D613 /* NewItemTableViewController.swift in Sources */,
				DC6C308F239529C2006DFA9A /* TaskListItem.swift in Sources */,
				DC6C309423954501006DFA9A /* TaskList.swift in Sources */,
				DC6C307F23951C84006DFA9A /* TaskTimeViewController.swift in Sources */,
				DC6C307B23951C84006DFA9A /* AppDelegate.swift in Sources */,
				DC6C307D23951C84006DFA9A /* SceneDelegate.swift in Sources */,
			);
			runOnlyForDeploymentPostprocessing = 0;
		};
/* End PBXSourcesBuildPhase section */

/* Begin PBXVariantGroup section */
		DC6C308023951C84006DFA9A /* Main.storyboard */ = {
			isa = PBXVariantGroup;
			children = (
				DC6C308123951C84006DFA9A /* Base */,
			);
			name = Main.storyboard;
			sourceTree = "<group>";
		};
		DC6C308523951C8A006DFA9A /* LaunchScreen.storyboard */ = {
			isa = PBXVariantGroup;
			children = (
				DC6C308623951C8A006DFA9A /* Base */,
			);
			name = LaunchScreen.storyboard;
			sourceTree = "<group>";
		};
/* End PBXVariantGroup section */

/* Begin XCBuildConfiguration section */
		DC6C308923951C8A006DFA9A /* Debug */ = {
			isa = XCBuildConfiguration;
			buildSettings = {
				ALWAYS_SEARCH_USER_PATHS = NO;
				CLANG_ANALYZER_NONNULL = YES;
				CLANG_ANALYZER_NUMBER_OBJECT_CONVERSION = YES_AGGRESSIVE;
				CLANG_CXX_LANGUAGE_STANDARD = "gnu++14";
				CLANG_CXX_LIBRARY = "libc++";
				CLANG_ENABLE_MODULES = YES;
				CLANG_ENABLE_OBJC_ARC = YES;
				CLANG_ENABLE_OBJC_WEAK = YES;
				CLANG_WARN_BLOCK_CAPTURE_AUTORELEASING = YES;
				CLANG_WARN_BOOL_CONVERSION = YES;
				CLANG_WARN_COMMA = YES;
				CLANG_WARN_CONSTANT_CONVERSION = YES;
				CLANG_WARN_DEPRECATED_OBJC_IMPLEMENTATIONS = YES;
				CLANG_WARN_DIRECT_OBJC_ISA_USAGE = YES_ERROR;
				CLANG_WARN_DOCUMENTATION_COMMENTS = YES;
				CLANG_WARN_EMPTY_BODY = YES;
				CLANG_WARN_ENUM_CONVERSION = YES;
				CLANG_WARN_INFINITE_RECURSION = YES;
				CLANG_WARN_INT_CONVERSION = YES;
				CLANG_WARN_NON_LITERAL_NULL_CONVERSION = YES;
				CLANG_WARN_OBJC_IMPLICIT_RETAIN_SELF = YES;
				CLANG_WARN_OBJC_LITERAL_CONVERSION = YES;
				CLANG_WARN_OBJC_ROOT_CLASS = YES_ERROR;
				CLANG_WARN_RANGE_LOOP_ANALYSIS = YES;
				CLANG_WARN_STRICT_PROTOTYPES = YES;
				CLANG_WARN_SUSPICIOUS_MOVE = YES;
				CLANG_WARN_UNGUARDED_AVAILABILITY = YES_AGGRESSIVE;
				CLANG_WARN_UNREACHABLE_CODE = YES;
				CLANG_WARN__DUPLICATE_METHOD_MATCH = YES;
				COPY_PHASE_STRIP = NO;
				DEBUG_INFORMATION_FORMAT = dwarf;
				ENABLE_STRICT_OBJC_MSGSEND = YES;
				ENABLE_TESTABILITY = YES;
				GCC_C_LANGUAGE_STANDARD = gnu11;
				GCC_DYNAMIC_NO_PIC = NO;
				GCC_NO_COMMON_BLOCKS = YES;
				GCC_OPTIMIZATION_LEVEL = 0;
				GCC_PREPROCESSOR_DEFINITIONS = (
					"DEBUG=1",
					"$(inherited)",
				);
				GCC_WARN_64_TO_32_BIT_CONVERSION = YES;
				GCC_WARN_ABOUT_RETURN_TYPE = YES_ERROR;
				GCC_WARN_UNDECLARED_SELECTOR = YES;
				GCC_WARN_UNINITIALIZED_AUTOS = YES_AGGRESSIVE;
				GCC_WARN_UNUSED_FUNCTION = YES;
				GCC_WARN_UNUSED_VARIABLE = YES;
				IPHONEOS_DEPLOYMENT_TARGET = 13.2;
				MTL_ENABLE_DEBUG_INFO = INCLUDE_SOURCE;
				MTL_FAST_MATH = YES;
				ONLY_ACTIVE_ARCH = YES;
				SDKROOT = iphoneos;
				SWIFT_ACTIVE_COMPILATION_CONDITIONS = DEBUG;
				SWIFT_OPTIMIZATION_LEVEL = "-Onone";
			};
			name = Debug;
		};
		DC6C308A23951C8A006DFA9A /* Release */ = {
			isa = XCBuildConfiguration;
			buildSettings = {
				ALWAYS_SEARCH_USER_PATHS = NO;
				CLANG_ANALYZER_NONNULL = YES;
				CLANG_ANALYZER_NUMBER_OBJECT_CONVERSION = YES_AGGRESSIVE;
				CLANG_CXX_LANGUAGE_STANDARD = "gnu++14";
				CLANG_CXX_LIBRARY = "libc++";
				CLANG_ENABLE_MODULES = YES;
				CLANG_ENABLE_OBJC_ARC = YES;
				CLANG_ENABLE_OBJC_WEAK = YES;
				CLANG_WARN_BLOCK_CAPTURE_AUTORELEASING = YES;
				CLANG_WARN_BOOL_CONVERSION = YES;
				CLANG_WARN_COMMA = YES;
				CLANG_WARN_CONSTANT_CONVERSION = YES;
				CLANG_WARN_DEPRECATED_OBJC_IMPLEMENTATIONS = YES;
				CLANG_WARN_DIRECT_OBJC_ISA_USAGE = YES_ERROR;
				CLANG_WARN_DOCUMENTATION_COMMENTS = YES;
				CLANG_WARN_EMPTY_BODY = YES;
				CLANG_WARN_ENUM_CONVERSION = YES;
				CLANG_WARN_INFINITE_RECURSION = YES;
				CLANG_WARN_INT_CONVERSION = YES;
				CLANG_WARN_NON_LITERAL_NULL_CONVERSION = YES;
				CLANG_WARN_OBJC_IMPLICIT_RETAIN_SELF = YES;
				CLANG_WARN_OBJC_LITERAL_CONVERSION = YES;
				CLANG_WARN_OBJC_ROOT_CLASS = YES_ERROR;
				CLANG_WARN_RANGE_LOOP_ANALYSIS = YES;
				CLANG_WARN_STRICT_PROTOTYPES = YES;
				CLANG_WARN_SUSPICIOUS_MOVE = YES;
				CLANG_WARN_UNGUARDED_AVAILABILITY = YES_AGGRESSIVE;
				CLANG_WARN_UNREACHABLE_CODE = YES;
				CLANG_WARN__DUPLICATE_METHOD_MATCH = YES;
				COPY_PHASE_STRIP = NO;
				DEBUG_INFORMATION_FORMAT = "dwarf-with-dsym";
				ENABLE_NS_ASSERTIONS = NO;
				ENABLE_STRICT_OBJC_MSGSEND = YES;
				GCC_C_LANGUAGE_STANDARD = gnu11;
				GCC_NO_COMMON_BLOCKS = YES;
				GCC_WARN_64_TO_32_BIT_CONVERSION = YES;
				GCC_WARN_ABOUT_RETURN_TYPE = YES_ERROR;
				GCC_WARN_UNDECLARED_SELECTOR = YES;
				GCC_WARN_UNINITIALIZED_AUTOS = YES_AGGRESSIVE;
				GCC_WARN_UNUSED_FUNCTION = YES;
				GCC_WARN_UNUSED_VARIABLE = YES;
				IPHONEOS_DEPLOYMENT_TARGET = 13.2;
				MTL_ENABLE_DEBUG_INFO = NO;
				MTL_FAST_MATH = YES;
				SDKROOT = iphoneos;
				SWIFT_COMPILATION_MODE = wholemodule;
				SWIFT_OPTIMIZATION_LEVEL = "-O";
				VALIDATE_PRODUCT = YES;
			};
			name = Release;
		};
		DC6C308C23951C8A006DFA9A /* Debug */ = {
			isa = XCBuildConfiguration;
			baseConfigurationReference = EF9E86C0555EEA6AF2A2F3CE /* Pods-TaskIt.debug.xcconfig */;
			buildSettings = {
				ASSETCATALOG_COMPILER_APPICON_NAME = AppIcon;
				CODE_SIGN_STYLE = Automatic;
				DEVELOPMENT_TEAM = 6CRWHS632K;
				INFOPLIST_FILE = TaskIt/Info.plist;
				LD_RUNPATH_SEARCH_PATHS = (
					"$(inherited)",
					"@executable_path/Frameworks",
				);
				PRODUCT_BUNDLE_IDENTIFIER = com.weshousepr.TaskIt;
				PRODUCT_NAME = "$(TARGET_NAME)";
				SWIFT_VERSION = 5.0;
				TARGETED_DEVICE_FAMILY = "1,2";
			};
			name = Debug;
		};
		DC6C308D23951C8A006DFA9A /* Release */ = {
			isa = XCBuildConfiguration;
			baseConfigurationReference = 86628EED0B71AF9941A8BD9A /* Pods-TaskIt.release.xcconfig */;
			buildSettings = {
				ASSETCATALOG_COMPILER_APPICON_NAME = AppIcon;
				CODE_SIGN_STYLE = Automatic;
				DEVELOPMENT_TEAM = 6CRWHS632K;
				INFOPLIST_FILE = TaskIt/Info.plist;
				LD_RUNPATH_SEARCH_PATHS = (
					"$(inherited)",
					"@executable_path/Frameworks",
				);
				PRODUCT_BUNDLE_IDENTIFIER = com.weshousepr.TaskIt;
				PRODUCT_NAME = "$(TARGET_NAME)";
				SWIFT_VERSION = 5.0;
				TARGETED_DEVICE_FAMILY = "1,2";
			};
			name = Release;
		};
/* End XCBuildConfiguration section */

/* Begin XCConfigurationList section */
		DC6C307223951C84006DFA9A /* Build configuration list for PBXProject "TaskIt" */ = {
			isa = XCConfigurationList;
			buildConfigurations = (
				DC6C308923951C8A006DFA9A /* Debug */,
				DC6C308A23951C8A006DFA9A /* Release */,
			);
			defaultConfigurationIsVisible = 0;
			defaultConfigurationName = Release;
		};
		DC6C308B23951C8A006DFA9A /* Build configuration list for PBXNativeTarget "TaskIt" */ = {
			isa = XCConfigurationList;
			buildConfigurations = (
				DC6C308C23951C8A006DFA9A /* Debug */,
				DC6C308D23951C8A006DFA9A /* Release */,
			);
			defaultConfigurationIsVisible = 0;
			defaultConfigurationName = Release;
		};
/* End XCConfigurationList section */
	};
	rootObject = DC6C306F23951C84006DFA9A /* Project object */;
}
